// !$*UTF8*$!
{
	archiveVersion = 1;
	classes = {
	};
	objectVersion = 56;
	objects = {

/* Begin PBXBuildFile section */
		2919F3312A0815700003194F /* SucculentAndPlantAppApp.swift in Sources */ = {isa = PBXBuildFile; fileRef = 2919F3302A0815700003194F /* SucculentAndPlantAppApp.swift */; };
		2919F3332A0815700003194F /* SucculentListView.swift in Sources */ = {isa = PBXBuildFile; fileRef = 2919F3322A0815700003194F /* SucculentListView.swift */; };
		2919F3352A0815710003194F /* Assets.xcassets in Resources */ = {isa = PBXBuildFile; fileRef = 2919F3342A0815710003194F /* Assets.xcassets */; };
		2919F3382A0815710003194F /* Preview Assets.xcassets in Resources */ = {isa = PBXBuildFile; fileRef = 2919F3372A0815710003194F /* Preview Assets.xcassets */; };
		2919F33A2A0815710003194F /* Persistence.swift in Sources */ = {isa = PBXBuildFile; fileRef = 2919F3392A0815710003194F /* Persistence.swift */; };
		2919F33D2A0815710003194F /* SucculentAndPlantApp.xcdatamodeld in Sources */ = {isa = PBXBuildFile; fileRef = 2919F33B2A0815710003194F /* SucculentAndPlantApp.xcdatamodeld */; };
		2919F3462A0815830003194F /* CloudKit.framework in Frameworks */ = {isa = PBXBuildFile; fileRef = 2919F3452A0815830003194F /* CloudKit.framework */; };
		2919F34A2A08330F0003194F /* Item.swift in Sources */ = {isa = PBXBuildFile; fileRef = 2919F3492A08330F0003194F /* Item.swift */; };
		2919F34D2A0834540003194F /* UIImageTransformer.swift in Sources */ = {isa = PBXBuildFile; fileRef = 2919F34C2A0834540003194F /* UIImageTransformer.swift */; };
		2919F34F2A08347B0003194F /* ImageContainer.swift in Sources */ = {isa = PBXBuildFile; fileRef = 2919F34E2A08347B0003194F /* ImageContainer.swift */; };
		2919F3522A083A070003194F /* NewSucculentViewModel.swift in Sources */ = {isa = PBXBuildFile; fileRef = 2919F3512A083A070003194F /* NewSucculentViewModel.swift */; };
		2919F3542A083B160003194F /* NewSucculentFormState.swift in Sources */ = {isa = PBXBuildFile; fileRef = 2919F3532A083B160003194F /* NewSucculentFormState.swift */; };
		2919F3562A083B770003194F /* NewSucculentFormView.swift in Sources */ = {isa = PBXBuildFile; fileRef = 2919F3552A083B770003194F /* NewSucculentFormView.swift */; };
		2919F3592A083C6E0003194F /* ImagePicker.swift in Sources */ = {isa = PBXBuildFile; fileRef = 2919F3582A083C6E0003194F /* ImagePicker.swift */; };
		2919F35B2A083C860003194F /* FIleManager+Image.swift in Sources */ = {isa = PBXBuildFile; fileRef = 2919F35A2A083C860003194F /* FIleManager+Image.swift */; };
		2919F35D2A083FA80003194F /* PersistImageService.swift in Sources */ = {isa = PBXBuildFile; fileRef = 2919F35C2A083FA80003194F /* PersistImageService.swift */; };
		2919F3602A083FCF0003194F /* ZIPFoundation in Frameworks */ = {isa = PBXBuildFile; productRef = 2919F35F2A083FCF0003194F /* ZIPFoundation */; };
		2919F3622A0840280003194F /* FileManager+JSON.swift in Sources */ = {isa = PBXBuildFile; fileRef = 2919F3612A0840280003194F /* FileManager+JSON.swift */; };
		2919F3642A086ACF0003194F /* TabNavigationView.swift in Sources */ = {isa = PBXBuildFile; fileRef = 2919F3632A086ACF0003194F /* TabNavigationView.swift */; };
		2919F3672A086ECA0003194F /* Router.swift in Sources */ = {isa = PBXBuildFile; fileRef = 2919F3662A086ECA0003194F /* Router.swift */; };
		2919F3692A0ACE210003194F /* EmptyGridView.swift in Sources */ = {isa = PBXBuildFile; fileRef = 2919F3682A0ACE210003194F /* EmptyGridView.swift */; };
		294238872A0B089600CE0A63 /* SucculentListViewModel.swift in Sources */ = {isa = PBXBuildFile; fileRef = 294238862A0B089600CE0A63 /* SucculentListViewModel.swift */; };
		2942388A2A0B0B1500CE0A63 /* Modifiers.swift in Sources */ = {isa = PBXBuildFile; fileRef = 294238892A0B0B1500CE0A63 /* Modifiers.swift */; };
		2942388C2A0B232600CE0A63 /* Animation+Repeat.swift in Sources */ = {isa = PBXBuildFile; fileRef = 2942388B2A0B232600CE0A63 /* Animation+Repeat.swift */; };
/* End PBXBuildFile section */

/* Begin PBXFileReference section */
		2919F32D2A0815700003194F /* SucculentAndPlantApp.app */ = {isa = PBXFileReference; explicitFileType = wrapper.application; includeInIndex = 0; path = SucculentAndPlantApp.app; sourceTree = BUILT_PRODUCTS_DIR; };
		2919F3302A0815700003194F /* SucculentAndPlantAppApp.swift */ = {isa = PBXFileReference; lastKnownFileType = sourcecode.swift; path = SucculentAndPlantAppApp.swift; sourceTree = "<group>"; };
		2919F3322A0815700003194F /* SucculentListView.swift */ = {isa = PBXFileReference; lastKnownFileType = sourcecode.swift; path = SucculentListView.swift; sourceTree = "<group>"; };
		2919F3342A0815710003194F /* Assets.xcassets */ = {isa = PBXFileReference; lastKnownFileType = folder.assetcatalog; path = Assets.xcassets; sourceTree = "<group>"; };
		2919F3372A0815710003194F /* Preview Assets.xcassets */ = {isa = PBXFileReference; lastKnownFileType = folder.assetcatalog; path = "Preview Assets.xcassets"; sourceTree = "<group>"; };
		2919F3392A0815710003194F /* Persistence.swift */ = {isa = PBXFileReference; lastKnownFileType = sourcecode.swift; path = Persistence.swift; sourceTree = "<group>"; };
		2919F33C2A0815710003194F /* SucculentAndPlantApp.xcdatamodel */ = {isa = PBXFileReference; lastKnownFileType = wrapper.xcdatamodel; path = SucculentAndPlantApp.xcdatamodel; sourceTree = "<group>"; };
		2919F33E2A0815710003194F /* Info.plist */ = {isa = PBXFileReference; lastKnownFileType = text.plist.xml; path = Info.plist; sourceTree = "<group>"; };
		2919F3452A0815830003194F /* CloudKit.framework */ = {isa = PBXFileReference; lastKnownFileType = wrapper.framework; name = CloudKit.framework; path = System/Library/Frameworks/CloudKit.framework; sourceTree = SDKROOT; };
		2919F3472A08158C0003194F /* SucculentAndPlantApp.entitlements */ = {isa = PBXFileReference; lastKnownFileType = text.plist.entitlements; path = SucculentAndPlantApp.entitlements; sourceTree = "<group>"; };
		2919F3492A08330F0003194F /* Item.swift */ = {isa = PBXFileReference; lastKnownFileType = sourcecode.swift; path = Item.swift; sourceTree = "<group>"; };
		2919F34C2A0834540003194F /* UIImageTransformer.swift */ = {isa = PBXFileReference; lastKnownFileType = sourcecode.swift; path = UIImageTransformer.swift; sourceTree = "<group>"; };
		2919F34E2A08347B0003194F /* ImageContainer.swift */ = {isa = PBXFileReference; lastKnownFileType = sourcecode.swift; path = ImageContainer.swift; sourceTree = "<group>"; };
		2919F3512A083A070003194F /* NewSucculentViewModel.swift */ = {isa = PBXFileReference; lastKnownFileType = sourcecode.swift; path = NewSucculentViewModel.swift; sourceTree = "<group>"; };
		2919F3532A083B160003194F /* NewSucculentFormState.swift */ = {isa = PBXFileReference; lastKnownFileType = sourcecode.swift; path = NewSucculentFormState.swift; sourceTree = "<group>"; };
		2919F3552A083B770003194F /* NewSucculentFormView.swift */ = {isa = PBXFileReference; lastKnownFileType = sourcecode.swift; path = NewSucculentFormView.swift; sourceTree = "<group>"; };
		2919F3582A083C6E0003194F /* ImagePicker.swift */ = {isa = PBXFileReference; lastKnownFileType = sourcecode.swift; path = ImagePicker.swift; sourceTree = "<group>"; };
		2919F35A2A083C860003194F /* FIleManager+Image.swift */ = {isa = PBXFileReference; lastKnownFileType = sourcecode.swift; path = "FIleManager+Image.swift"; sourceTree = "<group>"; };
		2919F35C2A083FA80003194F /* PersistImageService.swift */ = {isa = PBXFileReference; lastKnownFileType = sourcecode.swift; path = PersistImageService.swift; sourceTree = "<group>"; };
		2919F3612A0840280003194F /* FileManager+JSON.swift */ = {isa = PBXFileReference; lastKnownFileType = sourcecode.swift; path = "FileManager+JSON.swift"; sourceTree = "<group>"; };
		2919F3632A086ACF0003194F /* TabNavigationView.swift */ = {isa = PBXFileReference; lastKnownFileType = sourcecode.swift; path = TabNavigationView.swift; sourceTree = "<group>"; };
		2919F3662A086ECA0003194F /* Router.swift */ = {isa = PBXFileReference; lastKnownFileType = sourcecode.swift; path = Router.swift; sourceTree = "<group>"; };
		2919F3682A0ACE210003194F /* EmptyGridView.swift */ = {isa = PBXFileReference; lastKnownFileType = sourcecode.swift; path = EmptyGridView.swift; sourceTree = "<group>"; };
		294238862A0B089600CE0A63 /* SucculentListViewModel.swift */ = {isa = PBXFileReference; lastKnownFileType = sourcecode.swift; path = SucculentListViewModel.swift; sourceTree = "<group>"; };
		294238892A0B0B1500CE0A63 /* Modifiers.swift */ = {isa = PBXFileReference; lastKnownFileType = sourcecode.swift; path = Modifiers.swift; sourceTree = "<group>"; };
		2942388B2A0B232600CE0A63 /* Animation+Repeat.swift */ = {isa = PBXFileReference; lastKnownFileType = sourcecode.swift; path = "Animation+Repeat.swift"; sourceTree = "<group>"; };
/* End PBXFileReference section */

/* Begin PBXFrameworksBuildPhase section */
		2919F32A2A0815700003194F /* Frameworks */ = {
			isa = PBXFrameworksBuildPhase;
			buildActionMask = 2147483647;
			files = (
				2919F3462A0815830003194F /* CloudKit.framework in Frameworks */,
				2919F3602A083FCF0003194F /* ZIPFoundation in Frameworks */,
			);
			runOnlyForDeploymentPostprocessing = 0;
		};
/* End PBXFrameworksBuildPhase section */

/* Begin PBXGroup section */
		2919F3242A0815700003194F = {
			isa = PBXGroup;
			children = (
				2919F32F2A0815700003194F /* SucculentAndPlantApp */,
				2919F32E2A0815700003194F /* Products */,
				2919F3442A0815830003194F /* Frameworks */,
			);
			sourceTree = "<group>";
		};
		2919F32E2A0815700003194F /* Products */ = {
			isa = PBXGroup;
			children = (
				2919F32D2A0815700003194F /* SucculentAndPlantApp.app */,
			);
			name = Products;
			sourceTree = "<group>";
		};
		2919F32F2A0815700003194F /* SucculentAndPlantApp */ = {
			isa = PBXGroup;
			children = (
				2919F3472A08158C0003194F /* SucculentAndPlantApp.entitlements */,
				2919F3302A0815700003194F /* SucculentAndPlantAppApp.swift */,
				2919F3322A0815700003194F /* SucculentListView.swift */,
				294238862A0B089600CE0A63 /* SucculentListViewModel.swift */,
				2919F3682A0ACE210003194F /* EmptyGridView.swift */,
				2919F3652A086EB20003194F /* Navigation */,
				2919F3572A083C640003194F /* Support */,
				2919F3502A0839F40003194F /* New Succulent */,
				2919F3342A0815710003194F /* Assets.xcassets */,
				2919F3482A08327D0003194F /* Core Data */,
				2919F33E2A0815710003194F /* Info.plist */,
				2919F3362A0815710003194F /* Preview Content */,
			);
			path = SucculentAndPlantApp;
			sourceTree = "<group>";
		};
		2919F3362A0815710003194F /* Preview Content */ = {
			isa = PBXGroup;
			children = (
				2919F3372A0815710003194F /* Preview Assets.xcassets */,
			);
			path = "Preview Content";
			sourceTree = "<group>";
		};
		2919F3442A0815830003194F /* Frameworks */ = {
			isa = PBXGroup;
			children = (
				2919F3452A0815830003194F /* CloudKit.framework */,
			);
			name = Frameworks;
			sourceTree = "<group>";
		};
		2919F3482A08327D0003194F /* Core Data */ = {
			isa = PBXGroup;
			children = (
				2919F33B2A0815710003194F /* SucculentAndPlantApp.xcdatamodeld */,
				2919F3392A0815710003194F /* Persistence.swift */,
				2919F35C2A083FA80003194F /* PersistImageService.swift */,
				2919F3492A08330F0003194F /* Item.swift */,
				2919F34B2A08343C0003194F /* Image Container */,
			);
			path = "Core Data";
			sourceTree = "<group>";
		};
		2919F34B2A08343C0003194F /* Image Container */ = {
			isa = PBXGroup;
			children = (
				2919F34C2A0834540003194F /* UIImageTransformer.swift */,
				2919F34E2A08347B0003194F /* ImageContainer.swift */,
			);
			path = "Image Container";
			sourceTree = "<group>";
		};
		2919F3502A0839F40003194F /* New Succulent */ = {
			isa = PBXGroup;
			children = (
				2919F3512A083A070003194F /* NewSucculentViewModel.swift */,
				2919F3532A083B160003194F /* NewSucculentFormState.swift */,
				2919F3552A083B770003194F /* NewSucculentFormView.swift */,
			);
			path = "New Succulent";
			sourceTree = "<group>";
		};
		2919F3572A083C640003194F /* Support */ = {
			isa = PBXGroup;
			children = (
				2919F3582A083C6E0003194F /* ImagePicker.swift */,
				2919F35A2A083C860003194F /* FIleManager+Image.swift */,
				2919F3612A0840280003194F /* FileManager+JSON.swift */,
				2942388B2A0B232600CE0A63 /* Animation+Repeat.swift */,
				294238892A0B0B1500CE0A63 /* Modifiers.swift */,
			);
			path = Support;
			sourceTree = "<group>";
		};
		2919F3652A086EB20003194F /* Navigation */ = {
			isa = PBXGroup;
			children = (
				2919F3632A086ACF0003194F /* TabNavigationView.swift */,
				2919F3662A086ECA0003194F /* Router.swift */,
			);
			path = Navigation;
			sourceTree = "<group>";
		};
/* End PBXGroup section */

/* Begin PBXNativeTarget section */
		2919F32C2A0815700003194F /* SucculentAndPlantApp */ = {
			isa = PBXNativeTarget;
			buildConfigurationList = 2919F3412A0815710003194F /* Build configuration list for PBXNativeTarget "SucculentAndPlantApp" */;
			buildPhases = (
				2919F3292A0815700003194F /* Sources */,
				2919F32A2A0815700003194F /* Frameworks */,
				2919F32B2A0815700003194F /* Resources */,
			);
			buildRules = (
			);
			dependencies = (
			);
			name = SucculentAndPlantApp;
			packageProductDependencies = (
				2919F35F2A083FCF0003194F /* ZIPFoundation */,
			);
			productName = SucculentAndPlantApp;
			productReference = 2919F32D2A0815700003194F /* SucculentAndPlantApp.app */;
			productType = "com.apple.product-type.application";
		};
/* End PBXNativeTarget section */

/* Begin PBXProject section */
		2919F3252A0815700003194F /* Project object */ = {
			isa = PBXProject;
			attributes = {
				BuildIndependentTargetsInParallel = 1;
				LastSwiftUpdateCheck = 1430;
				LastUpgradeCheck = 1430;
				TargetAttributes = {
					2919F32C2A0815700003194F = {
						CreatedOnToolsVersion = 14.3;
					};
				};
			};
			buildConfigurationList = 2919F3282A0815700003194F /* Build configuration list for PBXProject "SucculentAndPlantApp" */;
			compatibilityVersion = "Xcode 14.0";
			developmentRegion = en;
			hasScannedForEncodings = 0;
			knownRegions = (
				en,
				Base,
			);
			mainGroup = 2919F3242A0815700003194F;
			packageReferences = (
				2919F35E2A083FCF0003194F /* XCRemoteSwiftPackageReference "ZIPFoundation" */,
			);
			productRefGroup = 2919F32E2A0815700003194F /* Products */;
			projectDirPath = "";
			projectRoot = "";
			targets = (
				2919F32C2A0815700003194F /* SucculentAndPlantApp */,
			);
		};
/* End PBXProject section */

/* Begin PBXResourcesBuildPhase section */
		2919F32B2A0815700003194F /* Resources */ = {
			isa = PBXResourcesBuildPhase;
			buildActionMask = 2147483647;
			files = (
				2919F3382A0815710003194F /* Preview Assets.xcassets in Resources */,
				2919F3352A0815710003194F /* Assets.xcassets in Resources */,
			);
			runOnlyForDeploymentPostprocessing = 0;
		};
/* End PBXResourcesBuildPhase section */

/* Begin PBXSourcesBuildPhase section */
		2919F3292A0815700003194F /* Sources */ = {
			isa = PBXSourcesBuildPhase;
			buildActionMask = 2147483647;
			files = (
				2919F33A2A0815710003194F /* Persistence.swift in Sources */,
				2919F3542A083B160003194F /* NewSucculentFormState.swift in Sources */,
				2919F3332A0815700003194F /* SucculentListView.swift in Sources */,
				2919F3522A083A070003194F /* NewSucculentViewModel.swift in Sources */,
				2919F33D2A0815710003194F /* SucculentAndPlantApp.xcdatamodeld in Sources */,
				294238872A0B089600CE0A63 /* SucculentListViewModel.swift in Sources */,
				2919F3692A0ACE210003194F /* EmptyGridView.swift in Sources */,
				2942388A2A0B0B1500CE0A63 /* Modifiers.swift in Sources */,
				2919F3312A0815700003194F /* SucculentAndPlantAppApp.swift in Sources */,
				2919F3562A083B770003194F /* NewSucculentFormView.swift in Sources */,
				2919F35B2A083C860003194F /* FIleManager+Image.swift in Sources */,
				2919F3672A086ECA0003194F /* Router.swift in Sources */,
				2919F35D2A083FA80003194F /* PersistImageService.swift in Sources */,
				2919F3622A0840280003194F /* FileManager+JSON.swift in Sources */,
				2919F3592A083C6E0003194F /* ImagePicker.swift in Sources */,
				2919F34A2A08330F0003194F /* Item.swift in Sources */,
				2919F3642A086ACF0003194F /* TabNavigationView.swift in Sources */,
				2919F34D2A0834540003194F /* UIImageTransformer.swift in Sources */,
				2919F34F2A08347B0003194F /* ImageContainer.swift in Sources */,
				2942388C2A0B232600CE0A63 /* Animation+Repeat.swift in Sources */,
			);
			runOnlyForDeploymentPostprocessing = 0;
		};
/* End PBXSourcesBuildPhase section */

/* Begin XCBuildConfiguration section */
		2919F33F2A0815710003194F /* Debug */ = {
			isa = XCBuildConfiguration;
			buildSettings = {
				ALWAYS_SEARCH_USER_PATHS = NO;
				CLANG_ANALYZER_NONNULL = YES;
				CLANG_ANALYZER_NUMBER_OBJECT_CONVERSION = YES_AGGRESSIVE;
				CLANG_CXX_LANGUAGE_STANDARD = "gnu++20";
				CLANG_ENABLE_MODULES = YES;
				CLANG_ENABLE_OBJC_ARC = YES;
				CLANG_ENABLE_OBJC_WEAK = YES;
				CLANG_WARN_BLOCK_CAPTURE_AUTORELEASING = YES;
				CLANG_WARN_BOOL_CONVERSION = YES;
				CLANG_WARN_COMMA = YES;
				CLANG_WARN_CONSTANT_CONVERSION = YES;
				CLANG_WARN_DEPRECATED_OBJC_IMPLEMENTATIONS = YES;
				CLANG_WARN_DIRECT_OBJC_ISA_USAGE = YES_ERROR;
				CLANG_WARN_DOCUMENTATION_COMMENTS = YES;
				CLANG_WARN_EMPTY_BODY = YES;
				CLANG_WARN_ENUM_CONVERSION = YES;
				CLANG_WARN_INFINITE_RECURSION = YES;
				CLANG_WARN_INT_CONVERSION = YES;
				CLANG_WARN_NON_LITERAL_NULL_CONVERSION = YES;
				CLANG_WARN_OBJC_IMPLICIT_RETAIN_SELF = YES;
				CLANG_WARN_OBJC_LITERAL_CONVERSION = YES;
				CLANG_WARN_OBJC_ROOT_CLASS = YES_ERROR;
				CLANG_WARN_QUOTED_INCLUDE_IN_FRAMEWORK_HEADER = YES;
				CLANG_WARN_RANGE_LOOP_ANALYSIS = YES;
				CLANG_WARN_STRICT_PROTOTYPES = YES;
				CLANG_WARN_SUSPICIOUS_MOVE = YES;
				CLANG_WARN_UNGUARDED_AVAILABILITY = YES_AGGRESSIVE;
				CLANG_WARN_UNREACHABLE_CODE = YES;
				CLANG_WARN__DUPLICATE_METHOD_MATCH = YES;
				COPY_PHASE_STRIP = NO;
				DEBUG_INFORMATION_FORMAT = dwarf;
				ENABLE_STRICT_OBJC_MSGSEND = YES;
				ENABLE_TESTABILITY = YES;
				GCC_C_LANGUAGE_STANDARD = gnu11;
				GCC_DYNAMIC_NO_PIC = NO;
				GCC_NO_COMMON_BLOCKS = YES;
				GCC_OPTIMIZATION_LEVEL = 0;
				GCC_PREPROCESSOR_DEFINITIONS = (
					"DEBUG=1",
					"$(inherited)",
				);
				GCC_WARN_64_TO_32_BIT_CONVERSION = YES;
				GCC_WARN_ABOUT_RETURN_TYPE = YES_ERROR;
				GCC_WARN_UNDECLARED_SELECTOR = YES;
				GCC_WARN_UNINITIALIZED_AUTOS = YES_AGGRESSIVE;
				GCC_WARN_UNUSED_FUNCTION = YES;
				GCC_WARN_UNUSED_VARIABLE = YES;
				IPHONEOS_DEPLOYMENT_TARGET = 16.0;
				MTL_ENABLE_DEBUG_INFO = INCLUDE_SOURCE;
				MTL_FAST_MATH = YES;
				ONLY_ACTIVE_ARCH = YES;
				SDKROOT = iphoneos;
				SWIFT_ACTIVE_COMPILATION_CONDITIONS = DEBUG;
				SWIFT_OPTIMIZATION_LEVEL = "-Onone";
			};
			name = Debug;
		};
		2919F3402A0815710003194F /* Release */ = {
			isa = XCBuildConfiguration;
			buildSettings = {
				ALWAYS_SEARCH_USER_PATHS = NO;
				CLANG_ANALYZER_NONNULL = YES;
				CLANG_ANALYZER_NUMBER_OBJECT_CONVERSION = YES_AGGRESSIVE;
				CLANG_CXX_LANGUAGE_STANDARD = "gnu++20";
				CLANG_ENABLE_MODULES = YES;
				CLANG_ENABLE_OBJC_ARC = YES;
				CLANG_ENABLE_OBJC_WEAK = YES;
				CLANG_WARN_BLOCK_CAPTURE_AUTORELEASING = YES;
				CLANG_WARN_BOOL_CONVERSION = YES;
				CLANG_WARN_COMMA = YES;
				CLANG_WARN_CONSTANT_CONVERSION = YES;
				CLANG_WARN_DEPRECATED_OBJC_IMPLEMENTATIONS = YES;
				CLANG_WARN_DIRECT_OBJC_ISA_USAGE = YES_ERROR;
				CLANG_WARN_DOCUMENTATION_COMMENTS = YES;
				CLANG_WARN_EMPTY_BODY = YES;
				CLANG_WARN_ENUM_CONVERSION = YES;
				CLANG_WARN_INFINITE_RECURSION = YES;
				CLANG_WARN_INT_CONVERSION = YES;
				CLANG_WARN_NON_LITERAL_NULL_CONVERSION = YES;
				CLANG_WARN_OBJC_IMPLICIT_RETAIN_SELF = YES;
				CLANG_WARN_OBJC_LITERAL_CONVERSION = YES;
				CLANG_WARN_OBJC_ROOT_CLASS = YES_ERROR;
				CLANG_WARN_QUOTED_INCLUDE_IN_FRAMEWORK_HEADER = YES;
				CLANG_WARN_RANGE_LOOP_ANALYSIS = YES;
				CLANG_WARN_STRICT_PROTOTYPES = YES;
				CLANG_WARN_SUSPICIOUS_MOVE = YES;
				CLANG_WARN_UNGUARDED_AVAILABILITY = YES_AGGRESSIVE;
				CLANG_WARN_UNREACHABLE_CODE = YES;
				CLANG_WARN__DUPLICATE_METHOD_MATCH = YES;
				COPY_PHASE_STRIP = NO;
				DEBUG_INFORMATION_FORMAT = "dwarf-with-dsym";
				ENABLE_NS_ASSERTIONS = NO;
				ENABLE_STRICT_OBJC_MSGSEND = YES;
				GCC_C_LANGUAGE_STANDARD = gnu11;
				GCC_NO_COMMON_BLOCKS = YES;
				GCC_WARN_64_TO_32_BIT_CONVERSION = YES;
				GCC_WARN_ABOUT_RETURN_TYPE = YES_ERROR;
				GCC_WARN_UNDECLARED_SELECTOR = YES;
				GCC_WARN_UNINITIALIZED_AUTOS = YES_AGGRESSIVE;
				GCC_WARN_UNUSED_FUNCTION = YES;
				GCC_WARN_UNUSED_VARIABLE = YES;
				IPHONEOS_DEPLOYMENT_TARGET = 16.0;
				MTL_ENABLE_DEBUG_INFO = NO;
				MTL_FAST_MATH = YES;
				SDKROOT = iphoneos;
				SWIFT_COMPILATION_MODE = wholemodule;
				SWIFT_OPTIMIZATION_LEVEL = "-O";
				VALIDATE_PRODUCT = YES;
			};
			name = Release;
		};
		2919F3422A0815710003194F /* Debug */ = {
			isa = XCBuildConfiguration;
			buildSettings = {
				ASSETCATALOG_COMPILER_APPICON_NAME = AppIcon;
				ASSETCATALOG_COMPILER_GLOBAL_ACCENT_COLOR_NAME = AccentColor;
				CODE_SIGN_ENTITLEMENTS = SucculentAndPlantApp/SucculentAndPlantApp.entitlements;
				CODE_SIGN_STYLE = Automatic;
				CURRENT_PROJECT_VERSION = 1;
				DEVELOPMENT_ASSET_PATHS = "\"SucculentAndPlantApp/Preview Content\"";
				DEVELOPMENT_TEAM = 7W5ZSCHZ2W;
				ENABLE_PREVIEWS = YES;
				GENERATE_INFOPLIST_FILE = YES;
				INFOPLIST_FILE = SucculentAndPlantApp/Info.plist;
				INFOPLIST_KEY_UIApplicationSceneManifest_Generation = YES;
				INFOPLIST_KEY_UIApplicationSupportsIndirectInputEvents = YES;
				INFOPLIST_KEY_UILaunchScreen_Generation = YES;
				INFOPLIST_KEY_UISupportedInterfaceOrientations_iPad = "UIInterfaceOrientationPortrait UIInterfaceOrientationPortraitUpsideDown UIInterfaceOrientationLandscapeLeft UIInterfaceOrientationLandscapeRight";
				INFOPLIST_KEY_UISupportedInterfaceOrientations_iPhone = "UIInterfaceOrientationPortrait UIInterfaceOrientationLandscapeLeft UIInterfaceOrientationLandscapeRight";
				LD_RUNPATH_SEARCH_PATHS = (
					"$(inherited)",
					"@executable_path/Frameworks",
				);
				MARKETING_VERSION = 1.0;
				PRODUCT_BUNDLE_IDENTIFIER = com.alek.SucculentAndPlantApp;
				PRODUCT_NAME = "$(TARGET_NAME)";
				SWIFT_EMIT_LOC_STRINGS = YES;
				SWIFT_VERSION = 5.0;
				TARGETED_DEVICE_FAMILY = "1,2";
			};
			name = Debug;
		};
		2919F3432A0815710003194F /* Release */ = {
			isa = XCBuildConfiguration;
			buildSettings = {
				ASSETCATALOG_COMPILER_APPICON_NAME = AppIcon;
				ASSETCATALOG_COMPILER_GLOBAL_ACCENT_COLOR_NAME = AccentColor;
				CODE_SIGN_ENTITLEMENTS = SucculentAndPlantApp/SucculentAndPlantApp.entitlements;
				CODE_SIGN_STYLE = Automatic;
				CURRENT_PROJECT_VERSION = 1;
				DEVELOPMENT_ASSET_PATHS = "\"SucculentAndPlantApp/Preview Content\"";
				DEVELOPMENT_TEAM = 7W5ZSCHZ2W;
				ENABLE_PREVIEWS = YES;
				GENERATE_INFOPLIST_FILE = YES;
				INFOPLIST_FILE = SucculentAndPlantApp/Info.plist;
				INFOPLIST_KEY_UIApplicationSceneManifest_Generation = YES;
				INFOPLIST_KEY_UIApplicationSupportsIndirectInputEvents = YES;
				INFOPLIST_KEY_UILaunchScreen_Generation = YES;
				INFOPLIST_KEY_UISupportedInterfaceOrientations_iPad = "UIInterfaceOrientationPortrait UIInterfaceOrientationPortraitUpsideDown UIInterfaceOrientationLandscapeLeft UIInterfaceOrientationLandscapeRight";
				INFOPLIST_KEY_UISupportedInterfaceOrientations_iPhone = "UIInterfaceOrientationPortrait UIInterfaceOrientationLandscapeLeft UIInterfaceOrientationLandscapeRight";
				LD_RUNPATH_SEARCH_PATHS = (
					"$(inherited)",
					"@executable_path/Frameworks",
				);
				MARKETING_VERSION = 1.0;
				PRODUCT_BUNDLE_IDENTIFIER = com.alek.SucculentAndPlantApp;
				PRODUCT_NAME = "$(TARGET_NAME)";
				SWIFT_EMIT_LOC_STRINGS = YES;
				SWIFT_VERSION = 5.0;
				TARGETED_DEVICE_FAMILY = "1,2";
			};
			name = Release;
		};
/* End XCBuildConfiguration section */

/* Begin XCConfigurationList section */
		2919F3282A0815700003194F /* Build configuration list for PBXProject "SucculentAndPlantApp" */ = {
			isa = XCConfigurationList;
			buildConfigurations = (
				2919F33F2A0815710003194F /* Debug */,
				2919F3402A0815710003194F /* Release */,
			);
			defaultConfigurationIsVisible = 0;
			defaultConfigurationName = Release;
		};
		2919F3412A0815710003194F /* Build configuration list for PBXNativeTarget "SucculentAndPlantApp" */ = {
			isa = XCConfigurationList;
			buildConfigurations = (
				2919F3422A0815710003194F /* Debug */,
				2919F3432A0815710003194F /* Release */,
			);
			defaultConfigurationIsVisible = 0;
			defaultConfigurationName = Release;
		};
/* End XCConfigurationList section */

/* Begin XCRemoteSwiftPackageReference section */
		2919F35E2A083FCF0003194F /* XCRemoteSwiftPackageReference "ZIPFoundation" */ = {
			isa = XCRemoteSwiftPackageReference;
			repositoryURL = "https://github.com/weichsel/ZIPFoundation.git";
			requirement = {
				kind = upToNextMajorVersion;
				minimumVersion = 0.9.16;
			};
		};
/* End XCRemoteSwiftPackageReference section */

/* Begin XCSwiftPackageProductDependency section */
		2919F35F2A083FCF0003194F /* ZIPFoundation */ = {
			isa = XCSwiftPackageProductDependency;
			package = 2919F35E2A083FCF0003194F /* XCRemoteSwiftPackageReference "ZIPFoundation" */;
			productName = ZIPFoundation;
		};
/* End XCSwiftPackageProductDependency section */

/* Begin XCVersionGroup section */
		2919F33B2A0815710003194F /* SucculentAndPlantApp.xcdatamodeld */ = {
			isa = XCVersionGroup;
			children = (
				2919F33C2A0815710003194F /* SucculentAndPlantApp.xcdatamodel */,
			);
			currentVersion = 2919F33C2A0815710003194F /* SucculentAndPlantApp.xcdatamodel */;
			path = SucculentAndPlantApp.xcdatamodeld;
			sourceTree = "<group>";
			versionGroupType = wrapper.xcdatamodel;
		};
/* End XCVersionGroup section */
	};
	rootObject = 2919F3252A0815700003194F /* Project object */;
}
