// !$*UTF8*$!
{
	archiveVersion = 1;
	classes = {
	};
	objectVersion = 56;
	objects = {

/* Begin PBXBuildFile section */
		290FAA072A17022D00B98124 /* ZIPFoundation in Frameworks */ = {isa = PBXBuildFile; productRef = 290FAA062A17022D00B98124 /* ZIPFoundation */; };
		290FAA0C2A17085300B98124 /* ImagePicker.swift in Sources */ = {isa = PBXBuildFile; fileRef = 290FAA0B2A17085300B98124 /* ImagePicker.swift */; };
		2919F3312A0815700003194F /* SucculentAndPlantAppApp.swift in Sources */ = {isa = PBXBuildFile; fileRef = 2919F3302A0815700003194F /* SucculentAndPlantAppApp.swift */; };
		2919F3332A0815700003194F /* SucculentListView.swift in Sources */ = {isa = PBXBuildFile; fileRef = 2919F3322A0815700003194F /* SucculentListView.swift */; };
		2919F3352A0815710003194F /* Assets.xcassets in Resources */ = {isa = PBXBuildFile; fileRef = 2919F3342A0815710003194F /* Assets.xcassets */; };
		2919F3382A0815710003194F /* Preview Assets.xcassets in Resources */ = {isa = PBXBuildFile; fileRef = 2919F3372A0815710003194F /* Preview Assets.xcassets */; };
		2919F33A2A0815710003194F /* Persistence.swift in Sources */ = {isa = PBXBuildFile; fileRef = 2919F3392A0815710003194F /* Persistence.swift */; };
		2919F33D2A0815710003194F /* SucculentAndPlantApp.xcdatamodeld in Sources */ = {isa = PBXBuildFile; fileRef = 2919F33B2A0815710003194F /* SucculentAndPlantApp.xcdatamodeld */; };
		2919F3462A0815830003194F /* CloudKit.framework in Frameworks */ = {isa = PBXBuildFile; fileRef = 2919F3452A0815830003194F /* CloudKit.framework */; };
		2919F34A2A08330F0003194F /* Item.swift in Sources */ = {isa = PBXBuildFile; fileRef = 2919F3492A08330F0003194F /* Item.swift */; };
		2919F34D2A0834540003194F /* UIImageTransformer.swift in Sources */ = {isa = PBXBuildFile; fileRef = 2919F34C2A0834540003194F /* UIImageTransformer.swift */; };
		2919F34F2A08347B0003194F /* ImageContainer.swift in Sources */ = {isa = PBXBuildFile; fileRef = 2919F34E2A08347B0003194F /* ImageContainer.swift */; };
		2919F3522A083A070003194F /* SuccuelentFormViewModel.swift in Sources */ = {isa = PBXBuildFile; fileRef = 2919F3512A083A070003194F /* SuccuelentFormViewModel.swift */; };
		2919F3542A083B160003194F /* SucculentFormState.swift in Sources */ = {isa = PBXBuildFile; fileRef = 2919F3532A083B160003194F /* SucculentFormState.swift */; };
		2919F3592A083C6E0003194F /* ImageSelector.swift in Sources */ = {isa = PBXBuildFile; fileRef = 2919F3582A083C6E0003194F /* ImageSelector.swift */; };
		2919F35B2A083C860003194F /* FIleManager+Image.swift in Sources */ = {isa = PBXBuildFile; fileRef = 2919F35A2A083C860003194F /* FIleManager+Image.swift */; };
		2919F35D2A083FA80003194F /* PersistImageService.swift in Sources */ = {isa = PBXBuildFile; fileRef = 2919F35C2A083FA80003194F /* PersistImageService.swift */; };
		2919F3622A0840280003194F /* FileManager+JSON.swift in Sources */ = {isa = PBXBuildFile; fileRef = 2919F3612A0840280003194F /* FileManager+JSON.swift */; };
		2919F3642A086ACF0003194F /* TabNavigationView.swift in Sources */ = {isa = PBXBuildFile; fileRef = 2919F3632A086ACF0003194F /* TabNavigationView.swift */; };
		2919F3672A086ECA0003194F /* Router.swift in Sources */ = {isa = PBXBuildFile; fileRef = 2919F3662A086ECA0003194F /* Router.swift */; };
		2919F3692A0ACE210003194F /* ErrorHandlingView.swift in Sources */ = {isa = PBXBuildFile; fileRef = 2919F3682A0ACE210003194F /* ErrorHandlingView.swift */; };
		2924DD172A9BE89E00BD9299 /* SplashScreenState.swift in Sources */ = {isa = PBXBuildFile; fileRef = 2924DD162A9BE89E00BD9299 /* SplashScreenState.swift */; };
		2924DD192A9BE8BA00BD9299 /* SplashScreenManager.swift in Sources */ = {isa = PBXBuildFile; fileRef = 2924DD182A9BE8BA00BD9299 /* SplashScreenManager.swift */; };
		2924DD1B2A9BE91300BD9299 /* SplashScreenView.swift in Sources */ = {isa = PBXBuildFile; fileRef = 2924DD1A2A9BE91300BD9299 /* SplashScreenView.swift */; };
		2935A9A92A5321F2007DAFC5 /* MyDropDelegate.swift in Sources */ = {isa = PBXBuildFile; fileRef = 2935A9A82A5321F2007DAFC5 /* MyDropDelegate.swift */; };
		294238872A0B089600CE0A63 /* SucculentListViewModel.swift in Sources */ = {isa = PBXBuildFile; fileRef = 294238862A0B089600CE0A63 /* SucculentListViewModel.swift */; };
		2942388A2A0B0B1500CE0A63 /* Modifiers.swift in Sources */ = {isa = PBXBuildFile; fileRef = 294238892A0B0B1500CE0A63 /* Modifiers.swift */; };
		2942388C2A0B232600CE0A63 /* Animation+Repeat.swift in Sources */ = {isa = PBXBuildFile; fileRef = 2942388B2A0B232600CE0A63 /* Animation+Repeat.swift */; };
		2942388E2A0B242200CE0A63 /* ShakeAnimation.swift in Sources */ = {isa = PBXBuildFile; fileRef = 2942388D2A0B242200CE0A63 /* ShakeAnimation.swift */; };
		29588A3E2AF178790043DA65 /* store.grpc.swift in Sources */ = {isa = PBXBuildFile; fileRef = 29588A3C2AF178790043DA65 /* store.grpc.swift */; };
		29588A3F2AF178790043DA65 /* store.pb.swift in Sources */ = {isa = PBXBuildFile; fileRef = 29588A3D2AF178790043DA65 /* store.pb.swift */; };
		295F875D2A6313230021CA70 /* AppDelegate.swift in Sources */ = {isa = PBXBuildFile; fileRef = 295F875C2A6313230021CA70 /* AppDelegate.swift */; };
		297ECD242A2BA5F700739538 /* CameraHostingView.swift in Sources */ = {isa = PBXBuildFile; fileRef = 297ECD232A2BA5F700739538 /* CameraHostingView.swift */; };
		297ECD262A2BA61600739538 /* CameraController.swift in Sources */ = {isa = PBXBuildFile; fileRef = 297ECD252A2BA61600739538 /* CameraController.swift */; };
		297ECD282A2BA66E00739538 /* PhotoPreviewView.swift in Sources */ = {isa = PBXBuildFile; fileRef = 297ECD272A2BA66E00739538 /* PhotoPreviewView.swift */; };
		297F42382AFB37A100167243 /* NotificationService.swift in Sources */ = {isa = PBXBuildFile; fileRef = 297F42372AFB37A100167243 /* NotificationService.swift */; };
		297F423A2AFB4CFF00167243 /* NSNotification.swift in Sources */ = {isa = PBXBuildFile; fileRef = 297F42392AFB4CFF00167243 /* NSNotification.swift */; };
		2982494B2AFA868100463CE5 /* MPLUSRounded1c-Medium.ttf in Resources */ = {isa = PBXBuildFile; fileRef = 2982494A2AFA868100463CE5 /* MPLUSRounded1c-Medium.ttf */; };
		2982494D2AFA879900463CE5 /* MPLUSRounded1c-Light.ttf in Resources */ = {isa = PBXBuildFile; fileRef = 2982494C2AFA879900463CE5 /* MPLUSRounded1c-Light.ttf */; };
		2982494F2AFA88F200463CE5 /* GeistVF.ttf in Resources */ = {isa = PBXBuildFile; fileRef = 2982494E2AFA88F200463CE5 /* GeistVF.ttf */; };
		298249512AFA894F00463CE5 /* MPLUSRounded1c-Thin.ttf in Resources */ = {isa = PBXBuildFile; fileRef = 298249502AFA894F00463CE5 /* MPLUSRounded1c-Thin.ttf */; };
		298249542AFA897C00463CE5 /* Geist-UltraLight.otf in Resources */ = {isa = PBXBuildFile; fileRef = 298249522AFA897C00463CE5 /* Geist-UltraLight.otf */; };
		298249552AFA897C00463CE5 /* Geist-Thin.otf in Resources */ = {isa = PBXBuildFile; fileRef = 298249532AFA897C00463CE5 /* Geist-Thin.otf */; };
		29B38A1F2A5B565D00023032 /* ImagePageSliderView.swift in Sources */ = {isa = PBXBuildFile; fileRef = 29B38A1E2A5B565D00023032 /* ImagePageSliderView.swift */; };
		29B9CD0A2A64A2BB00E7BAAD /* SucculentFormView.swift in Sources */ = {isa = PBXBuildFile; fileRef = 29B9CD092A64A2BB00E7BAAD /* SucculentFormView.swift */; };
		29B9CD262A68268200E7BAAD /* CircularProgressView.swift in Sources */ = {isa = PBXBuildFile; fileRef = 29B9CD252A68268200E7BAAD /* CircularProgressView.swift */; };
		29B9CD432A69ED4700E7BAAD /* UserDefaults+Identification.swift in Sources */ = {isa = PBXBuildFile; fileRef = 29B9CD422A69ED4700E7BAAD /* UserDefaults+Identification.swift */; };
		29D00FA32AA120F100DCC448 /* AlternateItemCell.swift in Sources */ = {isa = PBXBuildFile; fileRef = 29D00FA22AA120F100DCC448 /* AlternateItemCell.swift */; };
		29E05A162A5B14CB004E71D0 /* UIScrollView+ClipToBounds.swift in Sources */ = {isa = PBXBuildFile; fileRef = 29E05A152A5B14CB004E71D0 /* UIScrollView+ClipToBounds.swift */; };
		29E0CA122B0A8C04004173CC /* TrendsView.swift in Sources */ = {isa = PBXBuildFile; fileRef = 29E0CA112B0A8C04004173CC /* TrendsView.swift */; };
		29E0CA142B0AE09B004173CC /* Double+stringFormal.swift in Sources */ = {isa = PBXBuildFile; fileRef = 29E0CA132B0AE09B004173CC /* Double+stringFormal.swift */; };
		29F02D032A64742E001D2FF3 /* HealthAssessmentResponse.swift in Sources */ = {isa = PBXBuildFile; fileRef = 29F02D022A64742E001D2FF3 /* HealthAssessmentResponse.swift */; };
		29F02D062A64809B001D2FF3 /* IdentificationView.swift in Sources */ = {isa = PBXBuildFile; fileRef = 29F02D052A64809B001D2FF3 /* IdentificationView.swift */; };
		29F02D082A6480F7001D2FF3 /* IdentificationReponse.swift in Sources */ = {isa = PBXBuildFile; fileRef = 29F02D072A6480F7001D2FF3 /* IdentificationReponse.swift */; };
		29F02D0B2A648C60001D2FF3 /* RemoteImage.swift in Sources */ = {isa = PBXBuildFile; fileRef = 29F02D0A2A648C60001D2FF3 /* RemoteImage.swift */; };
		29F02D0D2A648CA7001D2FF3 /* HealthReportView+FetchData.swift in Sources */ = {isa = PBXBuildFile; fileRef = 29F02D0C2A648CA7001D2FF3 /* HealthReportView+FetchData.swift */; };
		29F02D0F2A648CF8001D2FF3 /* IdentificationView+FetchData.swift in Sources */ = {isa = PBXBuildFile; fileRef = 29F02D0E2A648CF8001D2FF3 /* IdentificationView+FetchData.swift */; };
		29F02D112A648D29001D2FF3 /* ReportsLoadState.swift in Sources */ = {isa = PBXBuildFile; fileRef = 29F02D102A648D29001D2FF3 /* ReportsLoadState.swift */; };
		29F02D332A64A125001D2FF3 /* HealthReportView.swift in Sources */ = {isa = PBXBuildFile; fileRef = 29F02D322A64A125001D2FF3 /* HealthReportView.swift */; };
		29F03F362AE3427E00F60AF4 /* BRYXBanner in Frameworks */ = {isa = PBXBuildFile; productRef = 29F03F352AE3427E00F60AF4 /* BRYXBanner */; };
		29FDA71F2AF168DD008E8EE2 /* CGRPCZlib in Frameworks */ = {isa = PBXBuildFile; productRef = 29FDA71E2AF168DD008E8EE2 /* CGRPCZlib */; };
		29FDA7212AF168DD008E8EE2 /* GRPC in Frameworks */ = {isa = PBXBuildFile; productRef = 29FDA7202AF168DD008E8EE2 /* GRPC */; };
		29FDA7232AF168DD008E8EE2 /* protoc-gen-grpc-swift in Frameworks */ = {isa = PBXBuildFile; productRef = 29FDA7222AF168DD008E8EE2 /* protoc-gen-grpc-swift */; };
		29FDA7252AF16921008E8EE2 /* GRPCManager.swift in Sources */ = {isa = PBXBuildFile; fileRef = 29FDA7242AF16921008E8EE2 /* GRPCManager.swift */; };
		29FDA7272AF16993008E8EE2 /* GRPCViewModel.swift in Sources */ = {isa = PBXBuildFile; fileRef = 29FDA7262AF16993008E8EE2 /* GRPCViewModel.swift */; };
/* End PBXBuildFile section */

/* Begin PBXFileReference section */
		290FAA0B2A17085300B98124 /* ImagePicker.swift */ = {isa = PBXFileReference; lastKnownFileType = sourcecode.swift; path = ImagePicker.swift; sourceTree = "<group>"; };
		2919F32D2A0815700003194F /* PlantPal.app */ = {isa = PBXFileReference; explicitFileType = wrapper.application; includeInIndex = 0; path = PlantPal.app; sourceTree = BUILT_PRODUCTS_DIR; };
		2919F3302A0815700003194F /* SucculentAndPlantAppApp.swift */ = {isa = PBXFileReference; lastKnownFileType = sourcecode.swift; path = SucculentAndPlantAppApp.swift; sourceTree = "<group>"; };
		2919F3322A0815700003194F /* SucculentListView.swift */ = {isa = PBXFileReference; lastKnownFileType = sourcecode.swift; path = SucculentListView.swift; sourceTree = "<group>"; };
		2919F3342A0815710003194F /* Assets.xcassets */ = {isa = PBXFileReference; lastKnownFileType = folder.assetcatalog; path = Assets.xcassets; sourceTree = "<group>"; };
		2919F3372A0815710003194F /* Preview Assets.xcassets */ = {isa = PBXFileReference; lastKnownFileType = folder.assetcatalog; path = "Preview Assets.xcassets"; sourceTree = "<group>"; };
		2919F3392A0815710003194F /* Persistence.swift */ = {isa = PBXFileReference; lastKnownFileType = sourcecode.swift; path = Persistence.swift; sourceTree = "<group>"; };
		2919F33C2A0815710003194F /* SucculentAndPlantApp.xcdatamodel */ = {isa = PBXFileReference; lastKnownFileType = wrapper.xcdatamodel; path = SucculentAndPlantApp.xcdatamodel; sourceTree = "<group>"; };
		2919F33E2A0815710003194F /* Info.plist */ = {isa = PBXFileReference; lastKnownFileType = text.plist.xml; path = Info.plist; sourceTree = "<group>"; };
		2919F3452A0815830003194F /* CloudKit.framework */ = {isa = PBXFileReference; lastKnownFileType = wrapper.framework; name = CloudKit.framework; path = System/Library/Frameworks/CloudKit.framework; sourceTree = SDKROOT; };
		2919F3472A08158C0003194F /* SucculentAndPlantApp.entitlements */ = {isa = PBXFileReference; lastKnownFileType = text.plist.entitlements; path = SucculentAndPlantApp.entitlements; sourceTree = "<group>"; };
		2919F3492A08330F0003194F /* Item.swift */ = {isa = PBXFileReference; lastKnownFileType = sourcecode.swift; path = Item.swift; sourceTree = "<group>"; };
		2919F34C2A0834540003194F /* UIImageTransformer.swift */ = {isa = PBXFileReference; lastKnownFileType = sourcecode.swift; path = UIImageTransformer.swift; sourceTree = "<group>"; };
		2919F34E2A08347B0003194F /* ImageContainer.swift */ = {isa = PBXFileReference; lastKnownFileType = sourcecode.swift; path = ImageContainer.swift; sourceTree = "<group>"; };
		2919F3512A083A070003194F /* SuccuelentFormViewModel.swift */ = {isa = PBXFileReference; lastKnownFileType = sourcecode.swift; path = SuccuelentFormViewModel.swift; sourceTree = "<group>"; };
		2919F3532A083B160003194F /* SucculentFormState.swift */ = {isa = PBXFileReference; lastKnownFileType = sourcecode.swift; path = SucculentFormState.swift; sourceTree = "<group>"; };
		2919F3582A083C6E0003194F /* ImageSelector.swift */ = {isa = PBXFileReference; lastKnownFileType = sourcecode.swift; path = ImageSelector.swift; sourceTree = "<group>"; };
		2919F35A2A083C860003194F /* FIleManager+Image.swift */ = {isa = PBXFileReference; lastKnownFileType = sourcecode.swift; path = "FIleManager+Image.swift"; sourceTree = "<group>"; };
		2919F35C2A083FA80003194F /* PersistImageService.swift */ = {isa = PBXFileReference; lastKnownFileType = sourcecode.swift; path = PersistImageService.swift; sourceTree = "<group>"; };
		2919F3612A0840280003194F /* FileManager+JSON.swift */ = {isa = PBXFileReference; lastKnownFileType = sourcecode.swift; path = "FileManager+JSON.swift"; sourceTree = "<group>"; };
		2919F3632A086ACF0003194F /* TabNavigationView.swift */ = {isa = PBXFileReference; lastKnownFileType = sourcecode.swift; path = TabNavigationView.swift; sourceTree = "<group>"; };
		2919F3662A086ECA0003194F /* Router.swift */ = {isa = PBXFileReference; lastKnownFileType = sourcecode.swift; path = Router.swift; sourceTree = "<group>"; };
		2919F3682A0ACE210003194F /* ErrorHandlingView.swift */ = {isa = PBXFileReference; lastKnownFileType = sourcecode.swift; path = ErrorHandlingView.swift; sourceTree = "<group>"; };
		2924DD162A9BE89E00BD9299 /* SplashScreenState.swift */ = {isa = PBXFileReference; lastKnownFileType = sourcecode.swift; path = SplashScreenState.swift; sourceTree = "<group>"; };
		2924DD182A9BE8BA00BD9299 /* SplashScreenManager.swift */ = {isa = PBXFileReference; lastKnownFileType = sourcecode.swift; path = SplashScreenManager.swift; sourceTree = "<group>"; };
		2924DD1A2A9BE91300BD9299 /* SplashScreenView.swift */ = {isa = PBXFileReference; lastKnownFileType = sourcecode.swift; path = SplashScreenView.swift; sourceTree = "<group>"; };
		2935A9A82A5321F2007DAFC5 /* MyDropDelegate.swift */ = {isa = PBXFileReference; lastKnownFileType = sourcecode.swift; path = MyDropDelegate.swift; sourceTree = "<group>"; };
		294238862A0B089600CE0A63 /* SucculentListViewModel.swift */ = {isa = PBXFileReference; lastKnownFileType = sourcecode.swift; path = SucculentListViewModel.swift; sourceTree = "<group>"; };
		294238892A0B0B1500CE0A63 /* Modifiers.swift */ = {isa = PBXFileReference; lastKnownFileType = sourcecode.swift; path = Modifiers.swift; sourceTree = "<group>"; };
		2942388B2A0B232600CE0A63 /* Animation+Repeat.swift */ = {isa = PBXFileReference; lastKnownFileType = sourcecode.swift; path = "Animation+Repeat.swift"; sourceTree = "<group>"; };
		2942388D2A0B242200CE0A63 /* ShakeAnimation.swift */ = {isa = PBXFileReference; lastKnownFileType = sourcecode.swift; path = ShakeAnimation.swift; sourceTree = "<group>"; };
		29588A3C2AF178790043DA65 /* store.grpc.swift */ = {isa = PBXFileReference; fileEncoding = 4; lastKnownFileType = sourcecode.swift; path = store.grpc.swift; sourceTree = "<group>"; };
		29588A3D2AF178790043DA65 /* store.pb.swift */ = {isa = PBXFileReference; fileEncoding = 4; lastKnownFileType = sourcecode.swift; path = store.pb.swift; sourceTree = "<group>"; };
		295F875C2A6313230021CA70 /* AppDelegate.swift */ = {isa = PBXFileReference; lastKnownFileType = sourcecode.swift; path = AppDelegate.swift; sourceTree = "<group>"; };
		297ECD232A2BA5F700739538 /* CameraHostingView.swift */ = {isa = PBXFileReference; lastKnownFileType = sourcecode.swift; path = CameraHostingView.swift; sourceTree = "<group>"; };
		297ECD252A2BA61600739538 /* CameraController.swift */ = {isa = PBXFileReference; lastKnownFileType = sourcecode.swift; path = CameraController.swift; sourceTree = "<group>"; };
		297ECD272A2BA66E00739538 /* PhotoPreviewView.swift */ = {isa = PBXFileReference; lastKnownFileType = sourcecode.swift; path = PhotoPreviewView.swift; sourceTree = "<group>"; };
		297F42372AFB37A100167243 /* NotificationService.swift */ = {isa = PBXFileReference; lastKnownFileType = sourcecode.swift; path = NotificationService.swift; sourceTree = "<group>"; };
		297F42392AFB4CFF00167243 /* NSNotification.swift */ = {isa = PBXFileReference; lastKnownFileType = sourcecode.swift; path = NSNotification.swift; sourceTree = "<group>"; };
		2982494A2AFA868100463CE5 /* MPLUSRounded1c-Medium.ttf */ = {isa = PBXFileReference; lastKnownFileType = file; path = "MPLUSRounded1c-Medium.ttf"; sourceTree = "<group>"; };
		2982494C2AFA879900463CE5 /* MPLUSRounded1c-Light.ttf */ = {isa = PBXFileReference; lastKnownFileType = file; path = "MPLUSRounded1c-Light.ttf"; sourceTree = "<group>"; };
		2982494E2AFA88F200463CE5 /* GeistVF.ttf */ = {isa = PBXFileReference; lastKnownFileType = file; path = GeistVF.ttf; sourceTree = "<group>"; };
		298249502AFA894F00463CE5 /* MPLUSRounded1c-Thin.ttf */ = {isa = PBXFileReference; lastKnownFileType = file; path = "MPLUSRounded1c-Thin.ttf"; sourceTree = "<group>"; };
		298249522AFA897C00463CE5 /* Geist-UltraLight.otf */ = {isa = PBXFileReference; lastKnownFileType = file; path = "Geist-UltraLight.otf"; sourceTree = "<group>"; };
		298249532AFA897C00463CE5 /* Geist-Thin.otf */ = {isa = PBXFileReference; lastKnownFileType = file; path = "Geist-Thin.otf"; sourceTree = "<group>"; };
		29B38A1E2A5B565D00023032 /* ImagePageSliderView.swift */ = {isa = PBXFileReference; lastKnownFileType = sourcecode.swift; path = ImagePageSliderView.swift; sourceTree = "<group>"; };
		29B9CD092A64A2BB00E7BAAD /* SucculentFormView.swift */ = {isa = PBXFileReference; lastKnownFileType = sourcecode.swift; path = SucculentFormView.swift; sourceTree = "<group>"; };
		29B9CD252A68268200E7BAAD /* CircularProgressView.swift */ = {isa = PBXFileReference; lastKnownFileType = sourcecode.swift; path = CircularProgressView.swift; sourceTree = "<group>"; };
		29B9CD422A69ED4700E7BAAD /* UserDefaults+Identification.swift */ = {isa = PBXFileReference; lastKnownFileType = sourcecode.swift; path = "UserDefaults+Identification.swift"; sourceTree = "<group>"; };
		29D00FA22AA120F100DCC448 /* AlternateItemCell.swift */ = {isa = PBXFileReference; lastKnownFileType = sourcecode.swift; path = AlternateItemCell.swift; sourceTree = "<group>"; };
		29E05A152A5B14CB004E71D0 /* UIScrollView+ClipToBounds.swift */ = {isa = PBXFileReference; lastKnownFileType = sourcecode.swift; path = "UIScrollView+ClipToBounds.swift"; sourceTree = "<group>"; };
		29E0CA112B0A8C04004173CC /* TrendsView.swift */ = {isa = PBXFileReference; lastKnownFileType = sourcecode.swift; path = TrendsView.swift; sourceTree = "<group>"; };
		29E0CA132B0AE09B004173CC /* Double+stringFormal.swift */ = {isa = PBXFileReference; lastKnownFileType = sourcecode.swift; path = "Double+stringFormal.swift"; sourceTree = "<group>"; };
		29F02D022A64742E001D2FF3 /* HealthAssessmentResponse.swift */ = {isa = PBXFileReference; lastKnownFileType = sourcecode.swift; path = HealthAssessmentResponse.swift; sourceTree = "<group>"; };
		29F02D052A64809B001D2FF3 /* IdentificationView.swift */ = {isa = PBXFileReference; lastKnownFileType = sourcecode.swift; path = IdentificationView.swift; sourceTree = "<group>"; };
		29F02D072A6480F7001D2FF3 /* IdentificationReponse.swift */ = {isa = PBXFileReference; lastKnownFileType = sourcecode.swift; path = IdentificationReponse.swift; sourceTree = "<group>"; };
		29F02D0A2A648C60001D2FF3 /* RemoteImage.swift */ = {isa = PBXFileReference; lastKnownFileType = sourcecode.swift; path = RemoteImage.swift; sourceTree = "<group>"; };
		29F02D0C2A648CA7001D2FF3 /* HealthReportView+FetchData.swift */ = {isa = PBXFileReference; lastKnownFileType = sourcecode.swift; path = "HealthReportView+FetchData.swift"; sourceTree = "<group>"; };
		29F02D0E2A648CF8001D2FF3 /* IdentificationView+FetchData.swift */ = {isa = PBXFileReference; lastKnownFileType = sourcecode.swift; path = "IdentificationView+FetchData.swift"; sourceTree = "<group>"; };
		29F02D102A648D29001D2FF3 /* ReportsLoadState.swift */ = {isa = PBXFileReference; lastKnownFileType = sourcecode.swift; path = ReportsLoadState.swift; sourceTree = "<group>"; };
		29F02D322A64A125001D2FF3 /* HealthReportView.swift */ = {isa = PBXFileReference; fileEncoding = 4; lastKnownFileType = sourcecode.swift; path = HealthReportView.swift; sourceTree = "<group>"; };
		29FDA7242AF16921008E8EE2 /* GRPCManager.swift */ = {isa = PBXFileReference; lastKnownFileType = sourcecode.swift; path = GRPCManager.swift; sourceTree = "<group>"; };
		29FDA7262AF16993008E8EE2 /* GRPCViewModel.swift */ = {isa = PBXFileReference; lastKnownFileType = sourcecode.swift; path = GRPCViewModel.swift; sourceTree = "<group>"; };
/* End PBXFileReference section */

/* Begin PBXFrameworksBuildPhase section */
		2919F32A2A0815700003194F /* Frameworks */ = {
			isa = PBXFrameworksBuildPhase;
			buildActionMask = 2147483647;
			files = (
				2919F3462A0815830003194F /* CloudKit.framework in Frameworks */,
				29FDA7212AF168DD008E8EE2 /* GRPC in Frameworks */,
				29FDA7232AF168DD008E8EE2 /* protoc-gen-grpc-swift in Frameworks */,
				29FDA71F2AF168DD008E8EE2 /* CGRPCZlib in Frameworks */,
				290FAA072A17022D00B98124 /* ZIPFoundation in Frameworks */,
				29F03F362AE3427E00F60AF4 /* BRYXBanner in Frameworks */,
			);
			runOnlyForDeploymentPostprocessing = 0;
		};
/* End PBXFrameworksBuildPhase section */

/* Begin PBXGroup section */
		2919F3242A0815700003194F = {
			isa = PBXGroup;
			children = (
				2919F32F2A0815700003194F /* SucculentAndPlantApp */,
				2919F32E2A0815700003194F /* Products */,
				2919F3442A0815830003194F /* Frameworks */,
			);
			sourceTree = "<group>";
		};
		2919F32E2A0815700003194F /* Products */ = {
			isa = PBXGroup;
			children = (
				2919F32D2A0815700003194F /* PlantPal.app */,
			);
			name = Products;
			sourceTree = "<group>";
		};
		2919F32F2A0815700003194F /* SucculentAndPlantApp */ = {
			isa = PBXGroup;
			children = (
				2919F3472A08158C0003194F /* SucculentAndPlantApp.entitlements */,
				2919F3302A0815700003194F /* SucculentAndPlantAppApp.swift */,
				295F875C2A6313230021CA70 /* AppDelegate.swift */,
				297F42372AFB37A100167243 /* NotificationService.swift */,
				2924DD152A9BE88E00BD9299 /* Splash Screen */,
				2919F3482A08327D0003194F /* Core Data */,
				2919F3652A086EB20003194F /* Navigation */,
				29588A3B2AF178790043DA65 /* grpc */,
				29588A402AF1F9AE0043DA65 /* gRPC Helpers */,
				29E0CA0F2B0A8BB3004173CC /* Plants */,
				29E0CA102B0A8BF7004173CC /* Trends */,
				2919F3572A083C640003194F /* Support */,
				2919F3342A0815710003194F /* Assets.xcassets */,
				2919F33E2A0815710003194F /* Info.plist */,
				2919F3362A0815710003194F /* Preview Content */,
			);
			path = SucculentAndPlantApp;
			sourceTree = "<group>";
		};
		2919F3362A0815710003194F /* Preview Content */ = {
			isa = PBXGroup;
			children = (
				2919F3372A0815710003194F /* Preview Assets.xcassets */,
			);
			path = "Preview Content";
			sourceTree = "<group>";
		};
		2919F3442A0815830003194F /* Frameworks */ = {
			isa = PBXGroup;
			children = (
				2919F3452A0815830003194F /* CloudKit.framework */,
			);
			name = Frameworks;
			sourceTree = "<group>";
		};
		2919F3482A08327D0003194F /* Core Data */ = {
			isa = PBXGroup;
			children = (
				2919F33B2A0815710003194F /* SucculentAndPlantApp.xcdatamodeld */,
				2919F3392A0815710003194F /* Persistence.swift */,
				2919F35C2A083FA80003194F /* PersistImageService.swift */,
				2919F3492A08330F0003194F /* Item.swift */,
				2919F34B2A08343C0003194F /* Image Container */,
			);
			path = "Core Data";
			sourceTree = "<group>";
		};
		2919F34B2A08343C0003194F /* Image Container */ = {
			isa = PBXGroup;
			children = (
				2919F34C2A0834540003194F /* UIImageTransformer.swift */,
				2919F34E2A08347B0003194F /* ImageContainer.swift */,
			);
			path = "Image Container";
			sourceTree = "<group>";
		};
		2919F3502A0839F40003194F /* Succulent Detail */ = {
			isa = PBXGroup;
			children = (
				2919F3512A083A070003194F /* SuccuelentFormViewModel.swift */,
				29B9CD252A68268200E7BAAD /* CircularProgressView.swift */,
				29B9CD092A64A2BB00E7BAAD /* SucculentFormView.swift */,
				2919F3532A083B160003194F /* SucculentFormState.swift */,
				29F02D092A648C15001D2FF3 /* Reports */,
			);
			path = "Succulent Detail";
			sourceTree = "<group>";
		};
		2919F3572A083C640003194F /* Support */ = {
			isa = PBXGroup;
			children = (
				298249492AFA867500463CE5 /* Fonts */,
				29B9CD412A69ED2600E7BAAD /* User Defaults */,
				2942389F2A0C664000CE0A63 /* Extensions */,
				294238902A0C4EAB00CE0A63 /* Image Slider */,
				2919F3582A083C6E0003194F /* ImageSelector.swift */,
				297ECD212A2BA59E00739538 /* Camera */,
				290FAA0B2A17085300B98124 /* ImagePicker.swift */,
				294238892A0B0B1500CE0A63 /* Modifiers.swift */,
				2919F3682A0ACE210003194F /* ErrorHandlingView.swift */,
				2942388D2A0B242200CE0A63 /* ShakeAnimation.swift */,
			);
			path = Support;
			sourceTree = "<group>";
		};
		2919F3652A086EB20003194F /* Navigation */ = {
			isa = PBXGroup;
			children = (
				2919F3632A086ACF0003194F /* TabNavigationView.swift */,
				2919F3662A086ECA0003194F /* Router.swift */,
			);
			path = Navigation;
			sourceTree = "<group>";
		};
		2924DD152A9BE88E00BD9299 /* Splash Screen */ = {
			isa = PBXGroup;
			children = (
				2924DD162A9BE89E00BD9299 /* SplashScreenState.swift */,
				2924DD182A9BE8BA00BD9299 /* SplashScreenManager.swift */,
				2924DD1A2A9BE91300BD9299 /* SplashScreenView.swift */,
			);
			path = "Splash Screen";
			sourceTree = "<group>";
		};
		294238902A0C4EAB00CE0A63 /* Image Slider */ = {
			isa = PBXGroup;
			children = (
				29B38A1E2A5B565D00023032 /* ImagePageSliderView.swift */,
			);
			path = "Image Slider";
			sourceTree = "<group>";
		};
		2942389F2A0C664000CE0A63 /* Extensions */ = {
			isa = PBXGroup;
			children = (
				2919F35A2A083C860003194F /* FIleManager+Image.swift */,
				2919F3612A0840280003194F /* FileManager+JSON.swift */,
				29E0CA132B0AE09B004173CC /* Double+stringFormal.swift */,
				2942388B2A0B232600CE0A63 /* Animation+Repeat.swift */,
				29E05A152A5B14CB004E71D0 /* UIScrollView+ClipToBounds.swift */,
				297F42392AFB4CFF00167243 /* NSNotification.swift */,
			);
			path = Extensions;
			sourceTree = "<group>";
		};
		294238DA2A0E8ABC00CE0A63 /* Succulent List */ = {
			isa = PBXGroup;
			children = (
				2919F3322A0815700003194F /* SucculentListView.swift */,
				29D00FA22AA120F100DCC448 /* AlternateItemCell.swift */,
				2935A9A82A5321F2007DAFC5 /* MyDropDelegate.swift */,
				294238862A0B089600CE0A63 /* SucculentListViewModel.swift */,
			);
			path = "Succulent List";
			sourceTree = "<group>";
		};
		29588A3B2AF178790043DA65 /* grpc */ = {
			isa = PBXGroup;
			children = (
				29588A3C2AF178790043DA65 /* store.grpc.swift */,
				29588A3D2AF178790043DA65 /* store.pb.swift */,
			);
			path = grpc;
			sourceTree = "<group>";
		};
		29588A402AF1F9AE0043DA65 /* gRPC Helpers */ = {
			isa = PBXGroup;
			children = (
				29FDA7242AF16921008E8EE2 /* GRPCManager.swift */,
				29FDA7262AF16993008E8EE2 /* GRPCViewModel.swift */,
			);
			path = "gRPC Helpers";
			sourceTree = "<group>";
		};
		297ECD212A2BA59E00739538 /* Camera */ = {
			isa = PBXGroup;
			children = (
				297ECD232A2BA5F700739538 /* CameraHostingView.swift */,
				297ECD252A2BA61600739538 /* CameraController.swift */,
				297ECD272A2BA66E00739538 /* PhotoPreviewView.swift */,
			);
			path = Camera;
			sourceTree = "<group>";
		};
		298249492AFA867500463CE5 /* Fonts */ = {
			isa = PBXGroup;
			children = (
				2982494E2AFA88F200463CE5 /* GeistVF.ttf */,
				298249502AFA894F00463CE5 /* MPLUSRounded1c-Thin.ttf */,
				298249532AFA897C00463CE5 /* Geist-Thin.otf */,
				298249522AFA897C00463CE5 /* Geist-UltraLight.otf */,
				2982494A2AFA868100463CE5 /* MPLUSRounded1c-Medium.ttf */,
				2982494C2AFA879900463CE5 /* MPLUSRounded1c-Light.ttf */,
			);
			path = Fonts;
			sourceTree = "<group>";
		};
		29B9CD412A69ED2600E7BAAD /* User Defaults */ = {
			isa = PBXGroup;
			children = (
				29B9CD422A69ED4700E7BAAD /* UserDefaults+Identification.swift */,
			);
			path = "User Defaults";
			sourceTree = "<group>";
		};
		29E0CA0F2B0A8BB3004173CC /* Plants */ = {
			isa = PBXGroup;
			children = (
				2919F3502A0839F40003194F /* Succulent Detail */,
				294238DA2A0E8ABC00CE0A63 /* Succulent List */,
			);
			path = Plants;
			sourceTree = "<group>";
		};
		29E0CA102B0A8BF7004173CC /* Trends */ = {
			isa = PBXGroup;
			children = (
				29E0CA112B0A8C04004173CC /* TrendsView.swift */,
			);
			path = Trends;
			sourceTree = "<group>";
		};
		29F02CFF2A646821001D2FF3 /* Health Report */ = {
			isa = PBXGroup;
			children = (
				29F02D322A64A125001D2FF3 /* HealthReportView.swift */,
				29F02D0C2A648CA7001D2FF3 /* HealthReportView+FetchData.swift */,
				29F02D022A64742E001D2FF3 /* HealthAssessmentResponse.swift */,
			);
			path = "Health Report";
			sourceTree = "<group>";
		};
		29F02D042A648091001D2FF3 /* Identification */ = {
			isa = PBXGroup;
			children = (
				29F02D052A64809B001D2FF3 /* IdentificationView.swift */,
				29F02D0E2A648CF8001D2FF3 /* IdentificationView+FetchData.swift */,
				29F02D072A6480F7001D2FF3 /* IdentificationReponse.swift */,
			);
			path = Identification;
			sourceTree = "<group>";
		};
		29F02D092A648C15001D2FF3 /* Reports */ = {
			isa = PBXGroup;
			children = (
				29F02D0A2A648C60001D2FF3 /* RemoteImage.swift */,
				29F02D102A648D29001D2FF3 /* ReportsLoadState.swift */,
				29F02CFF2A646821001D2FF3 /* Health Report */,
				29F02D042A648091001D2FF3 /* Identification */,
			);
			path = Reports;
			sourceTree = "<group>";
		};
/* End PBXGroup section */

/* Begin PBXNativeTarget section */
		2919F32C2A0815700003194F /* SucculentAndPlantApp */ = {
			isa = PBXNativeTarget;
			buildConfigurationList = 2919F3412A0815710003194F /* Build configuration list for PBXNativeTarget "SucculentAndPlantApp" */;
			buildPhases = (
				2919F3292A0815700003194F /* Sources */,
				2919F32A2A0815700003194F /* Frameworks */,
				2919F32B2A0815700003194F /* Resources */,
			);
			buildRules = (
			);
			dependencies = (
			);
			name = SucculentAndPlantApp;
			packageProductDependencies = (
				290FAA062A17022D00B98124 /* ZIPFoundation */,
				29F03F352AE3427E00F60AF4 /* BRYXBanner */,
				29FDA71E2AF168DD008E8EE2 /* CGRPCZlib */,
				29FDA7202AF168DD008E8EE2 /* GRPC */,
				29FDA7222AF168DD008E8EE2 /* protoc-gen-grpc-swift */,
			);
			productName = SucculentAndPlantApp;
			productReference = 2919F32D2A0815700003194F /* PlantPal.app */;
			productType = "com.apple.product-type.application";
		};
/* End PBXNativeTarget section */

/* Begin PBXProject section */
		2919F3252A0815700003194F /* Project object */ = {
			isa = PBXProject;
			attributes = {
				BuildIndependentTargetsInParallel = 1;
				LastSwiftUpdateCheck = 1430;
				LastUpgradeCheck = 1430;
				TargetAttributes = {
					2919F32C2A0815700003194F = {
						CreatedOnToolsVersion = 14.3;
					};
				};
			};
			buildConfigurationList = 2919F3282A0815700003194F /* Build configuration list for PBXProject "SucculentAndPlantApp" */;
			compatibilityVersion = "Xcode 14.0";
			developmentRegion = en;
			hasScannedForEncodings = 0;
			knownRegions = (
				en,
				Base,
			);
			mainGroup = 2919F3242A0815700003194F;
			packageReferences = (
				290FAA052A17022D00B98124 /* XCRemoteSwiftPackageReference "ZIPFoundation" */,
				29F03F342AE3427E00F60AF4 /* XCRemoteSwiftPackageReference "BRYXBanner" */,
				29FDA71D2AF168DD008E8EE2 /* XCRemoteSwiftPackageReference "grpc-swift" */,
			);
			productRefGroup = 2919F32E2A0815700003194F /* Products */;
			projectDirPath = "";
			projectRoot = "";
			targets = (
				2919F32C2A0815700003194F /* SucculentAndPlantApp */,
			);
		};
/* End PBXProject section */

/* Begin PBXResourcesBuildPhase section */
		2919F32B2A0815700003194F /* Resources */ = {
			isa = PBXResourcesBuildPhase;
			buildActionMask = 2147483647;
			files = (
				298249542AFA897C00463CE5 /* Geist-UltraLight.otf in Resources */,
				298249552AFA897C00463CE5 /* Geist-Thin.otf in Resources */,
				2982494B2AFA868100463CE5 /* MPLUSRounded1c-Medium.ttf in Resources */,
				2919F3382A0815710003194F /* Preview Assets.xcassets in Resources */,
				2919F3352A0815710003194F /* Assets.xcassets in Resources */,
				2982494F2AFA88F200463CE5 /* GeistVF.ttf in Resources */,
				2982494D2AFA879900463CE5 /* MPLUSRounded1c-Light.ttf in Resources */,
				298249512AFA894F00463CE5 /* MPLUSRounded1c-Thin.ttf in Resources */,
			);
			runOnlyForDeploymentPostprocessing = 0;
		};
/* End PBXResourcesBuildPhase section */

/* Begin PBXSourcesBuildPhase section */
		2919F3292A0815700003194F /* Sources */ = {
			isa = PBXSourcesBuildPhase;
			buildActionMask = 2147483647;
			files = (
				2919F33A2A0815710003194F /* Persistence.swift in Sources */,
				29F02D0B2A648C60001D2FF3 /* RemoteImage.swift in Sources */,
				29B9CD262A68268200E7BAAD /* CircularProgressView.swift in Sources */,
				29FDA7252AF16921008E8EE2 /* GRPCManager.swift in Sources */,
				29F02D032A64742E001D2FF3 /* HealthAssessmentResponse.swift in Sources */,
				2919F3542A083B160003194F /* SucculentFormState.swift in Sources */,
				2919F3332A0815700003194F /* SucculentListView.swift in Sources */,
				29F02D082A6480F7001D2FF3 /* IdentificationReponse.swift in Sources */,
				29F02D332A64A125001D2FF3 /* HealthReportView.swift in Sources */,
				2919F3522A083A070003194F /* SuccuelentFormViewModel.swift in Sources */,
				295F875D2A6313230021CA70 /* AppDelegate.swift in Sources */,
				2919F33D2A0815710003194F /* SucculentAndPlantApp.xcdatamodeld in Sources */,
				2942388E2A0B242200CE0A63 /* ShakeAnimation.swift in Sources */,
				294238872A0B089600CE0A63 /* SucculentListViewModel.swift in Sources */,
				29F02D0D2A648CA7001D2FF3 /* HealthReportView+FetchData.swift in Sources */,
				29B9CD0A2A64A2BB00E7BAAD /* SucculentFormView.swift in Sources */,
				2919F3692A0ACE210003194F /* ErrorHandlingView.swift in Sources */,
				2935A9A92A5321F2007DAFC5 /* MyDropDelegate.swift in Sources */,
				29F02D112A648D29001D2FF3 /* ReportsLoadState.swift in Sources */,
				2942388A2A0B0B1500CE0A63 /* Modifiers.swift in Sources */,
				297ECD242A2BA5F700739538 /* CameraHostingView.swift in Sources */,
				29E05A162A5B14CB004E71D0 /* UIScrollView+ClipToBounds.swift in Sources */,
				2919F3312A0815700003194F /* SucculentAndPlantAppApp.swift in Sources */,
				29E0CA142B0AE09B004173CC /* Double+stringFormal.swift in Sources */,
				2919F35B2A083C860003194F /* FIleManager+Image.swift in Sources */,
				2924DD1B2A9BE91300BD9299 /* SplashScreenView.swift in Sources */,
				29F02D0F2A648CF8001D2FF3 /* IdentificationView+FetchData.swift in Sources */,
				29B38A1F2A5B565D00023032 /* ImagePageSliderView.swift in Sources */,
				2919F3672A086ECA0003194F /* Router.swift in Sources */,
				297F42382AFB37A100167243 /* NotificationService.swift in Sources */,
				29FDA7272AF16993008E8EE2 /* GRPCViewModel.swift in Sources */,
				29588A3F2AF178790043DA65 /* store.pb.swift in Sources */,
				2919F35D2A083FA80003194F /* PersistImageService.swift in Sources */,
				297F423A2AFB4CFF00167243 /* NSNotification.swift in Sources */,
				2919F3622A0840280003194F /* FileManager+JSON.swift in Sources */,
				29D00FA32AA120F100DCC448 /* AlternateItemCell.swift in Sources */,
				2919F3592A083C6E0003194F /* ImageSelector.swift in Sources */,
				2924DD192A9BE8BA00BD9299 /* SplashScreenManager.swift in Sources */,
				29588A3E2AF178790043DA65 /* store.grpc.swift in Sources */,
				2919F34A2A08330F0003194F /* Item.swift in Sources */,
				2924DD172A9BE89E00BD9299 /* SplashScreenState.swift in Sources */,
				29E0CA122B0A8C04004173CC /* TrendsView.swift in Sources */,
				2919F3642A086ACF0003194F /* TabNavigationView.swift in Sources */,
				2919F34D2A0834540003194F /* UIImageTransformer.swift in Sources */,
				290FAA0C2A17085300B98124 /* ImagePicker.swift in Sources */,
				2919F34F2A08347B0003194F /* ImageContainer.swift in Sources */,
				29F02D062A64809B001D2FF3 /* IdentificationView.swift in Sources */,
				297ECD262A2BA61600739538 /* CameraController.swift in Sources */,
				297ECD282A2BA66E00739538 /* PhotoPreviewView.swift in Sources */,
				29B9CD432A69ED4700E7BAAD /* UserDefaults+Identification.swift in Sources */,
				2942388C2A0B232600CE0A63 /* Animation+Repeat.swift in Sources */,
			);
			runOnlyForDeploymentPostprocessing = 0;
		};
/* End PBXSourcesBuildPhase section */

/* Begin XCBuildConfiguration section */
		2919F33F2A0815710003194F /* Debug */ = {
			isa = XCBuildConfiguration;
			buildSettings = {
				ALWAYS_SEARCH_USER_PATHS = NO;
				CLANG_ANALYZER_NONNULL = YES;
				CLANG_ANALYZER_NUMBER_OBJECT_CONVERSION = YES_AGGRESSIVE;
				CLANG_CXX_LANGUAGE_STANDARD = "gnu++20";
				CLANG_ENABLE_MODULES = YES;
				CLANG_ENABLE_OBJC_ARC = YES;
				CLANG_ENABLE_OBJC_WEAK = YES;
				CLANG_WARN_BLOCK_CAPTURE_AUTORELEASING = YES;
				CLANG_WARN_BOOL_CONVERSION = YES;
				CLANG_WARN_COMMA = YES;
				CLANG_WARN_CONSTANT_CONVERSION = YES;
				CLANG_WARN_DEPRECATED_OBJC_IMPLEMENTATIONS = YES;
				CLANG_WARN_DIRECT_OBJC_ISA_USAGE = YES_ERROR;
				CLANG_WARN_DOCUMENTATION_COMMENTS = YES;
				CLANG_WARN_EMPTY_BODY = YES;
				CLANG_WARN_ENUM_CONVERSION = YES;
				CLANG_WARN_INFINITE_RECURSION = YES;
				CLANG_WARN_INT_CONVERSION = YES;
				CLANG_WARN_NON_LITERAL_NULL_CONVERSION = YES;
				CLANG_WARN_OBJC_IMPLICIT_RETAIN_SELF = YES;
				CLANG_WARN_OBJC_LITERAL_CONVERSION = YES;
				CLANG_WARN_OBJC_ROOT_CLASS = YES_ERROR;
				CLANG_WARN_QUOTED_INCLUDE_IN_FRAMEWORK_HEADER = YES;
				CLANG_WARN_RANGE_LOOP_ANALYSIS = YES;
				CLANG_WARN_STRICT_PROTOTYPES = YES;
				CLANG_WARN_SUSPICIOUS_MOVE = YES;
				CLANG_WARN_UNGUARDED_AVAILABILITY = YES_AGGRESSIVE;
				CLANG_WARN_UNREACHABLE_CODE = YES;
				CLANG_WARN__DUPLICATE_METHOD_MATCH = YES;
				COPY_PHASE_STRIP = NO;
				DEBUG_INFORMATION_FORMAT = dwarf;
				ENABLE_STRICT_OBJC_MSGSEND = YES;
				ENABLE_TESTABILITY = YES;
				GCC_C_LANGUAGE_STANDARD = gnu11;
				GCC_DYNAMIC_NO_PIC = NO;
				GCC_NO_COMMON_BLOCKS = YES;
				GCC_OPTIMIZATION_LEVEL = 0;
				GCC_PREPROCESSOR_DEFINITIONS = (
					"DEBUG=1",
					"$(inherited)",
				);
				GCC_WARN_64_TO_32_BIT_CONVERSION = YES;
				GCC_WARN_ABOUT_RETURN_TYPE = YES_ERROR;
				GCC_WARN_UNDECLARED_SELECTOR = YES;
				GCC_WARN_UNINITIALIZED_AUTOS = YES_AGGRESSIVE;
				GCC_WARN_UNUSED_FUNCTION = YES;
				GCC_WARN_UNUSED_VARIABLE = YES;
				IPHONEOS_DEPLOYMENT_TARGET = 15.0;
				MTL_ENABLE_DEBUG_INFO = INCLUDE_SOURCE;
				MTL_FAST_MATH = YES;
				ONLY_ACTIVE_ARCH = YES;
				SDKROOT = iphoneos;
				SWIFT_ACTIVE_COMPILATION_CONDITIONS = DEBUG;
				SWIFT_OPTIMIZATION_LEVEL = "-Onone";
			};
			name = Debug;
		};
		2919F3402A0815710003194F /* Release */ = {
			isa = XCBuildConfiguration;
			buildSettings = {
				ALWAYS_SEARCH_USER_PATHS = NO;
				CLANG_ANALYZER_NONNULL = YES;
				CLANG_ANALYZER_NUMBER_OBJECT_CONVERSION = YES_AGGRESSIVE;
				CLANG_CXX_LANGUAGE_STANDARD = "gnu++20";
				CLANG_ENABLE_MODULES = YES;
				CLANG_ENABLE_OBJC_ARC = YES;
				CLANG_ENABLE_OBJC_WEAK = YES;
				CLANG_WARN_BLOCK_CAPTURE_AUTORELEASING = YES;
				CLANG_WARN_BOOL_CONVERSION = YES;
				CLANG_WARN_COMMA = YES;
				CLANG_WARN_CONSTANT_CONVERSION = YES;
				CLANG_WARN_DEPRECATED_OBJC_IMPLEMENTATIONS = YES;
				CLANG_WARN_DIRECT_OBJC_ISA_USAGE = YES_ERROR;
				CLANG_WARN_DOCUMENTATION_COMMENTS = YES;
				CLANG_WARN_EMPTY_BODY = YES;
				CLANG_WARN_ENUM_CONVERSION = YES;
				CLANG_WARN_INFINITE_RECURSION = YES;
				CLANG_WARN_INT_CONVERSION = YES;
				CLANG_WARN_NON_LITERAL_NULL_CONVERSION = YES;
				CLANG_WARN_OBJC_IMPLICIT_RETAIN_SELF = YES;
				CLANG_WARN_OBJC_LITERAL_CONVERSION = YES;
				CLANG_WARN_OBJC_ROOT_CLASS = YES_ERROR;
				CLANG_WARN_QUOTED_INCLUDE_IN_FRAMEWORK_HEADER = YES;
				CLANG_WARN_RANGE_LOOP_ANALYSIS = YES;
				CLANG_WARN_STRICT_PROTOTYPES = YES;
				CLANG_WARN_SUSPICIOUS_MOVE = YES;
				CLANG_WARN_UNGUARDED_AVAILABILITY = YES_AGGRESSIVE;
				CLANG_WARN_UNREACHABLE_CODE = YES;
				CLANG_WARN__DUPLICATE_METHOD_MATCH = YES;
				COPY_PHASE_STRIP = NO;
				DEBUG_INFORMATION_FORMAT = "dwarf-with-dsym";
				ENABLE_NS_ASSERTIONS = NO;
				ENABLE_STRICT_OBJC_MSGSEND = YES;
				GCC_C_LANGUAGE_STANDARD = gnu11;
				GCC_NO_COMMON_BLOCKS = YES;
				GCC_WARN_64_TO_32_BIT_CONVERSION = YES;
				GCC_WARN_ABOUT_RETURN_TYPE = YES_ERROR;
				GCC_WARN_UNDECLARED_SELECTOR = YES;
				GCC_WARN_UNINITIALIZED_AUTOS = YES_AGGRESSIVE;
				GCC_WARN_UNUSED_FUNCTION = YES;
				GCC_WARN_UNUSED_VARIABLE = YES;
				IPHONEOS_DEPLOYMENT_TARGET = 15.0;
				MTL_ENABLE_DEBUG_INFO = NO;
				MTL_FAST_MATH = YES;
				SDKROOT = iphoneos;
				SWIFT_COMPILATION_MODE = wholemodule;
				SWIFT_OPTIMIZATION_LEVEL = "-O";
				VALIDATE_PRODUCT = YES;
			};
			name = Release;
		};
		2919F3422A0815710003194F /* Debug */ = {
			isa = XCBuildConfiguration;
			buildSettings = {
				ASSETCATALOG_COMPILER_APPICON_NAME = AppIcon;
				ASSETCATALOG_COMPILER_GLOBAL_ACCENT_COLOR_NAME = AccentColor;
				CODE_SIGN_ENTITLEMENTS = SucculentAndPlantApp/SucculentAndPlantApp.entitlements;
				CODE_SIGN_IDENTITY = "Apple Development";
				CODE_SIGN_STYLE = Automatic;
				CURRENT_PROJECT_VERSION = 4;
				DEVELOPMENT_ASSET_PATHS = "\"SucculentAndPlantApp/Preview Content\"";
				DEVELOPMENT_TEAM = 7W5ZSCHZ2W;
				ENABLE_PREVIEWS = YES;
				GENERATE_INFOPLIST_FILE = YES;
				INFOPLIST_FILE = SucculentAndPlantApp/Info.plist;
				INFOPLIST_KEY_CFBundleDisplayName = PlantPal;
				INFOPLIST_KEY_NSCameraUsageDescription = "SAY YES";
				INFOPLIST_KEY_UIApplicationSceneManifest_Generation = YES;
				INFOPLIST_KEY_UIApplicationSupportsIndirectInputEvents = YES;
				INFOPLIST_KEY_UILaunchScreen_Generation = YES;
				INFOPLIST_KEY_UISupportedInterfaceOrientations = UIInterfaceOrientationPortrait;
				IPHONEOS_DEPLOYMENT_TARGET = 16.0;
				LD_RUNPATH_SEARCH_PATHS = (
					"$(inherited)",
					"@executable_path/Frameworks",
				);
				MARKETING_VERSION = 0.2.1;
				PRODUCT_BUNDLE_IDENTIFIER = com.alek.SucculentAndPlantApp;
				PRODUCT_NAME = PlantPal;
				PROVISIONING_PROFILE_SPECIFIER = "";
				SUPPORTED_PLATFORMS = "iphoneos iphonesimulator";
				SUPPORTS_MACCATALYST = NO;
				SUPPORTS_MAC_DESIGNED_FOR_IPHONE_IPAD = NO;
				SWIFT_EMIT_LOC_STRINGS = YES;
				SWIFT_VERSION = 5.0;
				TARGETED_DEVICE_FAMILY = 1;
			};
			name = Debug;
		};
		2919F3432A0815710003194F /* Release */ = {
			isa = XCBuildConfiguration;
			buildSettings = {
				ASSETCATALOG_COMPILER_APPICON_NAME = AppIcon;
				ASSETCATALOG_COMPILER_GLOBAL_ACCENT_COLOR_NAME = AccentColor;
				CODE_SIGN_ENTITLEMENTS = SucculentAndPlantApp/SucculentAndPlantApp.entitlements;
				CODE_SIGN_IDENTITY = "Apple Development";
				CODE_SIGN_STYLE = Automatic;
				CURRENT_PROJECT_VERSION = 4;
				DEVELOPMENT_ASSET_PATHS = "\"SucculentAndPlantApp/Preview Content\"";
				DEVELOPMENT_TEAM = 7W5ZSCHZ2W;
				ENABLE_PREVIEWS = YES;
				GENERATE_INFOPLIST_FILE = YES;
				INFOPLIST_FILE = SucculentAndPlantApp/Info.plist;
				INFOPLIST_KEY_CFBundleDisplayName = PlantPal;
				INFOPLIST_KEY_NSCameraUsageDescription = "SAY YES";
				INFOPLIST_KEY_UIApplicationSceneManifest_Generation = YES;
				INFOPLIST_KEY_UIApplicationSupportsIndirectInputEvents = YES;
				INFOPLIST_KEY_UILaunchScreen_Generation = YES;
				INFOPLIST_KEY_UISupportedInterfaceOrientations = UIInterfaceOrientationPortrait;
				IPHONEOS_DEPLOYMENT_TARGET = 16.0;
				LD_RUNPATH_SEARCH_PATHS = (
					"$(inherited)",
					"@executable_path/Frameworks",
				);
				MARKETING_VERSION = 0.2.1;
				PRODUCT_BUNDLE_IDENTIFIER = com.alek.SucculentAndPlantApp;
				PRODUCT_NAME = PlantPal;
				PROVISIONING_PROFILE_SPECIFIER = "";
				SUPPORTED_PLATFORMS = "iphoneos iphonesimulator";
				SUPPORTS_MACCATALYST = NO;
				SUPPORTS_MAC_DESIGNED_FOR_IPHONE_IPAD = NO;
				SWIFT_EMIT_LOC_STRINGS = YES;
				SWIFT_VERSION = 5.0;
				TARGETED_DEVICE_FAMILY = 1;
			};
			name = Release;
		};
/* End XCBuildConfiguration section */

/* Begin XCConfigurationList section */
		2919F3282A0815700003194F /* Build configuration list for PBXProject "SucculentAndPlantApp" */ = {
			isa = XCConfigurationList;
			buildConfigurations = (
				2919F33F2A0815710003194F /* Debug */,
				2919F3402A0815710003194F /* Release */,
			);
			defaultConfigurationIsVisible = 0;
			defaultConfigurationName = Release;
		};
		2919F3412A0815710003194F /* Build configuration list for PBXNativeTarget "SucculentAndPlantApp" */ = {
			isa = XCConfigurationList;
			buildConfigurations = (
				2919F3422A0815710003194F /* Debug */,
				2919F3432A0815710003194F /* Release */,
			);
			defaultConfigurationIsVisible = 0;
			defaultConfigurationName = Release;
		};
/* End XCConfigurationList section */

/* Begin XCRemoteSwiftPackageReference section */
		290FAA052A17022D00B98124 /* XCRemoteSwiftPackageReference "ZIPFoundation" */ = {
			isa = XCRemoteSwiftPackageReference;
			repositoryURL = "https://github.com/weichsel/ZIPFoundation.git";
			requirement = {
				kind = upToNextMajorVersion;
				minimumVersion = 0.9.16;
			};
		};
		29F03F342AE3427E00F60AF4 /* XCRemoteSwiftPackageReference "BRYXBanner" */ = {
			isa = XCRemoteSwiftPackageReference;
			repositoryURL = "https://github.com/bryx-inc/BRYXBanner.git";
			requirement = {
				kind = upToNextMajorVersion;
				minimumVersion = 0.8.5;
			};
		};
		29FDA71D2AF168DD008E8EE2 /* XCRemoteSwiftPackageReference "grpc-swift" */ = {
			isa = XCRemoteSwiftPackageReference;
			repositoryURL = "https://github.com/grpc/grpc-swift.git";
			requirement = {
				kind = upToNextMinorVersion;
				minimumVersion = 1.19.0;
			};
		};
/* End XCRemoteSwiftPackageReference section */

/* Begin XCSwiftPackageProductDependency section */
		290FAA062A17022D00B98124 /* ZIPFoundation */ = {
			isa = XCSwiftPackageProductDependency;
			package = 290FAA052A17022D00B98124 /* XCRemoteSwiftPackageReference "ZIPFoundation" */;
			productName = ZIPFoundation;
		};
		29F03F352AE3427E00F60AF4 /* BRYXBanner */ = {
			isa = XCSwiftPackageProductDependency;
			package = 29F03F342AE3427E00F60AF4 /* XCRemoteSwiftPackageReference "BRYXBanner" */;
			productName = BRYXBanner;
		};
		29FDA71E2AF168DD008E8EE2 /* CGRPCZlib */ = {
			isa = XCSwiftPackageProductDependency;
			package = 29FDA71D2AF168DD008E8EE2 /* XCRemoteSwiftPackageReference "grpc-swift" */;
			productName = CGRPCZlib;
		};
		29FDA7202AF168DD008E8EE2 /* GRPC */ = {
			isa = XCSwiftPackageProductDependency;
			package = 29FDA71D2AF168DD008E8EE2 /* XCRemoteSwiftPackageReference "grpc-swift" */;
			productName = GRPC;
		};
		29FDA7222AF168DD008E8EE2 /* protoc-gen-grpc-swift */ = {
			isa = XCSwiftPackageProductDependency;
			package = 29FDA71D2AF168DD008E8EE2 /* XCRemoteSwiftPackageReference "grpc-swift" */;
			productName = "protoc-gen-grpc-swift";
		};
/* End XCSwiftPackageProductDependency section */

/* Begin XCVersionGroup section */
		2919F33B2A0815710003194F /* SucculentAndPlantApp.xcdatamodeld */ = {
			isa = XCVersionGroup;
			children = (
				2919F33C2A0815710003194F /* SucculentAndPlantApp.xcdatamodel */,
			);
			currentVersion = 2919F33C2A0815710003194F /* SucculentAndPlantApp.xcdatamodel */;
			path = SucculentAndPlantApp.xcdatamodeld;
			sourceTree = "<group>";
			versionGroupType = wrapper.xcdatamodel;
		};
/* End XCVersionGroup section */
	};
	rootObject = 2919F3252A0815700003194F /* Project object */;
}
